
Microsoft Visual Studio Solution File, Format Version 12.00
# Visual Studio Version 16
VisualStudioVersion = 16.0.32802.440
MinimumVisualStudioVersion = 10.0.40219.1
Project("{FAE04EC0-301F-11D3-BF4B-00C04F79EFBC}") = "task1_wf", "task1_wf.csproj", "{E5C4A417-43E6-46FD-9B06-2E9A177B0711}"
EndProject
Global
	GlobalSection(SolutionConfigurationPlatforms) = preSolution
		Debug|Any CPU = Debug|Any CPU
		Release|Any CPU = Release|Any CPU
	EndGlobalSection
	GlobalSection(ProjectConfigurationPlatforms) = postSolution
		{E5C4A417-43E6-46FD-9B06-2E9A177B0711}.Debug|Any CPU.ActiveCfg = Debug|Any CPU
		{E5C4A417-43E6-46FD-9B06-2E9A177B0711}.Debug|Any CPU.Build.0 = Debug|Any CPU
		{E5C4A417-43E6-46FD-9B06-2E9A177B0711}.Release|Any CPU.ActiveCfg = Release|Any CPU
		{E5C4A417-43E6-46FD-9B06-2E9A177B0711}.Release|Any CPU.Build.0 = Release|Any CPU
	EndGlobalSection
	GlobalSection(SolutionProperties) = preSolution
		HideSolutionNode = FALSE
	EndGlobalSection
	GlobalSection(ExtensibilityGlobals) = postSolution
		SolutionGuid = {FC3FBD52-8B85-4622-A423-0BB753443676}
	EndGlobalSection
EndGlobal
