
Microsoft Visual Studio Solution File, Format Version 12.00
# Visual Studio Version 16
VisualStudioVersion = 16.0.32510.428
MinimumVisualStudioVersion = 10.0.40219.1
Project("{FAE04EC0-301F-11D3-BF4B-00C04F79EFBC}") = "Laba3", "Laba3\Laba3.csproj", "{1C40A9D2-B474-4A63-9C40-8279EDBBEF9B}"
EndProject
Global
	GlobalSection(SolutionConfigurationPlatforms) = preSolution
		Debug|Any CPU = Debug|Any CPU
		Release|Any CPU = Release|Any CPU
	EndGlobalSection
	GlobalSection(ProjectConfigurationPlatforms) = postSolution
		{1C40A9D2-B474-4A63-9C40-8279EDBBEF9B}.Debug|Any CPU.ActiveCfg = Debug|Any CPU
		{1C40A9D2-B474-4A63-9C40-8279EDBBEF9B}.Debug|Any CPU.Build.0 = Debug|Any CPU
		{1C40A9D2-B474-4A63-9C40-8279EDBBEF9B}.Release|Any CPU.ActiveCfg = Release|Any CPU
		{1C40A9D2-B474-4A63-9C40-8279EDBBEF9B}.Release|Any CPU.Build.0 = Release|Any CPU
	EndGlobalSection
	GlobalSection(SolutionProperties) = preSolution
		HideSolutionNode = FALSE
	EndGlobalSection
	GlobalSection(ExtensibilityGlobals) = postSolution
		SolutionGuid = {05FA0D9B-406E-4BB2-8F44-824CB78946F0}
	EndGlobalSection
EndGlobal
